PODS:
  - Flutter (1.0.0)
  - flutter_onfido (0.0.1):
    - Flutter
    - Onfido (= 18.3.0)
  - Onfido (18.3.0)

DEPENDENCIES:
  - Flutter (from `Flutter`)
  - flutter_onfido (from `.symlinks/plugins/flutter_onfido/ios`)

SPEC REPOS:
  trunk:
    - Onfido

EXTERNAL SOURCES:
  Flutter:
    :path: Flutter
  flutter_onfido:
    :path: ".symlinks/plugins/flutter_onfido/ios"

SPEC CHECKSUMS:
  Flutter: 0e3d915762c693b495b44d77113d4970485de6ec
  flutter_onfido: a0dbca11298bb93b28c005ceeed33a1f9a1bf6d7
  Onfido: 572cb9c1ab40277318528584363cac22cc1ada21

PODFILE CHECKSUM: f45d293502bdcca725aca7bc62af43ad173e1292

COCOAPODS: 1.9.3
